{
  "nodes": {
    "home-manager": {
      "inputs": {
        "nixpkgs": "nixpkgs"
      },
      "locked": {
        "lastModified": 1784546264,
        "narHash": "sha256-jxVr5EHMYAOkFvS2k0abIvt6NqyshyWmiHHzV17sT2g=",
        "owner": "nix-community",
        "repo": "home-manager",
        "rev": "e3dea8e4792b09a6c0eb5836b0284ad05b1acba0",
        "type": "github"
      },
      "original": {
        "owner": "nix-community",
        "repo": "home-manager",
        "type": "github"
      }
    },
    "nixpkgs": {
      "locked": {
        "lastModified": 1783604885,
        "narHash": "sha256-tzMgSkV7kljEkqIjlgV6F+n+xD+/a35Db8bs7a4BFAo=",
        "owner": "NixOS",
        "repo": "nixpkgs",
        "rev": "767b0d3ec98a143ad9ed7dfc0d5553510ac27133",
        "type": "github"
      },
      "original": {
        "owner": "NixOS",
        "ref": "nixpkgs-unstable",
        "repo": "nixpkgs",
        "type": "github"
      }
    },
    "nixpkgs-darwin": {
      "locked": {
        "lastModified": 1780145889,
        "narHash": "sha256-md0zn0RnwNvPyASas1yG5YUuwQ4ALA6ucL50l0DvqCo=",
        "owner": "NixOS",
        "repo": "nixpkgs",
        "rev": "8c50a710ddca43d7a530fb805ad55bde8d0141c5",
        "type": "github"
      },
      "original": {
        "owner": "nixos",
        "ref": "nixpkgs-26.05-darwin",
        "repo": "nixpkgs",
        "type": "github"
      }
    },
    "nixpkgs_2": {
      "locked": {
        "lastModified": 1784497964,
        "narHash": "sha256-vlHUuqAcbcH2RKmHbPiuQzbv1pnzzavXnI62RD0bqCU=",
        "owner": "nixos",
        "repo": "nixpkgs",
        "rev": "241313f4e8e508cb9b13278c2b0fa25b9ca27163",
        "type": "github"
      },
      "original": {
        "owner": "nixos",
        "ref": "nixos-unstable",
        "repo": "nixpkgs",
        "type": "github"
      }
    },
    "root": {
      "inputs": {
        "home-manager": "home-manager",
        "nixpkgs": "nixpkgs_2",
        "nixpkgs-darwin": "nixpkgs-darwin"
      }
    }
  },
  "root": "root",
  "version": 7
}
