{
  "nodes": {
    "home-manager": {
      "inputs": {
        "nixpkgs": "nixpkgs"
      },
      "locked": {
        "lastModified": 1785936982,
        "narHash": "sha256-nuRhZbDKkfh8S+/M5TvQLVYiRXnJlvGhhybFFZW4jx4=",
        "owner": "nix-community",
        "repo": "home-manager",
        "rev": "a9bcd0057073751a54ce5fd4b0dc63a391b6f349",
        "type": "github"
      },
      "original": {
        "owner": "nix-community",
        "repo": "home-manager",
        "type": "github"
      }
    },
    "nixpkgs": {
      "locked": {
        "lastModified": 1785141334,
        "narHash": "sha256-kh35kIx7el4Jk8Ki3BH9/Pn1eZYSYLJ6LMALos0zOy0=",
        "owner": "NixOS",
        "repo": "nixpkgs",
        "rev": "38a4887411571457d700c51c64a6e49ead2ed5ab",
        "type": "github"
      },
      "original": {
        "owner": "NixOS",
        "ref": "nixpkgs-unstable",
        "repo": "nixpkgs",
        "type": "github"
      }
    },
    "nixpkgs-darwin": {
      "locked": {
        "lastModified": 1785067121,
        "narHash": "sha256-rdJdWxAcg5fnntU4DjPivPdVEN4F+VJavw+UWpEMeUI=",
        "owner": "nixos",
        "repo": "nixpkgs",
        "rev": "329c3d2af6d1b618705150ea39f72c15eb4e613e",
        "type": "github"
      },
      "original": {
        "owner": "nixos",
        "ref": "nixpkgs-26.05-darwin",
        "repo": "nixpkgs",
        "type": "github"
      }
    },
    "nixpkgs_2": {
      "locked": {
        "lastModified": 1785828668,
        "narHash": "sha256-8fsyqeO+mJqvIzeO4xIpgJe/f7MTbbVTEC6RT6WSXNs=",
        "owner": "nixos",
        "repo": "nixpkgs",
        "rev": "e72e4f299401a3689d4b3d5fc6496b11db7064eb",
        "type": "github"
      },
      "original": {
        "owner": "nixos",
        "ref": "nixos-unstable",
        "repo": "nixpkgs",
        "type": "github"
      }
    },
    "root": {
      "inputs": {
        "home-manager": "home-manager",
        "nixpkgs": "nixpkgs_2",
        "nixpkgs-darwin": "nixpkgs-darwin"
      }
    }
  },
  "root": "root",
  "version": 7
}
